
Microsoft Visual Studio Solution File, Format Version 12.00
# Visual Studio Version 17
VisualStudioVersion = 17.8.34525.116
MinimumVisualStudioVersion = 10.0.40219.1
Project("{FAE04EC0-301F-11D3-BF4B-00C04F79EFBC}") = "northwind", "northwind\northwind.csproj", "{1EAB336C-CE9B-4140-A40A-0A82E0DE56DD}"
EndProject
Global
	GlobalSection(SolutionConfigurationPlatforms) = preSolution
		Debug|Any CPU = Debug|Any CPU
		Release|Any CPU = Release|Any CPU
	EndGlobalSection
	GlobalSection(ProjectConfigurationPlatforms) = postSolution
		{1EAB336C-CE9B-4140-A40A-0A82E0DE56DD}.Debug|Any CPU.ActiveCfg = Debug|Any CPU
		{1EAB336C-CE9B-4140-A40A-0A82E0DE56DD}.Debug|Any CPU.Build.0 = Debug|Any CPU
		{1EAB336C-CE9B-4140-A40A-0A82E0DE56DD}.Release|Any CPU.ActiveCfg = Release|Any CPU
		{1EAB336C-CE9B-4140-A40A-0A82E0DE56DD}.Release|Any CPU.Build.0 = Release|Any CPU
	EndGlobalSection
	GlobalSection(SolutionProperties) = preSolution
		HideSolutionNode = FALSE
	EndGlobalSection
	GlobalSection(ExtensibilityGlobals) = postSolution
		SolutionGuid = {DD2E27E8-F239-4E38-B925-491877DF39BC}
	EndGlobalSection
EndGlobal
